
Microsoft Visual Studio Solution File, Format Version 12.00
# Visual Studio Version 17
VisualStudioVersion = 17.14.36511.14
MinimumVisualStudioVersion = 10.0.40219.1
Project("{FAE04EC0-301F-11D3-BF4B-00C04F79EFBC}") = "Jso.BookManagement.API", "Jso.BookManagement.API\Jso.BookManagement.API.csproj", "{08D46B66-42E6-44A4-AFF6-1F7489AE0940}"
EndProject
Project("{FAE04EC0-301F-11D3-BF4B-00C04F79EFBC}") = "Jso.BookManagement.Domain", "Jso.BookManagement.Domain\Jso.BookManagement.Domain.csproj", "{55276D46-4545-47B9-8571-76F0921A15E0}"
EndProject
Project("{FAE04EC0-301F-11D3-BF4B-00C04F79EFBC}") = "Jso.BookManagement.Application", "Jso.BookManagement.Application\Jso.BookManagement.Application.csproj", "{E77A8DEE-8DDD-473D-84F2-861BD54A33C8}"
EndProject
Project("{FAE04EC0-301F-11D3-BF4B-00C04F79EFBC}") = "Jso.BookManagement.Infrastructure", "Jso.BookManagement.Infrastructure\Jso.BookManagement.Infrastructure.csproj", "{596C5431-C9C5-48B8-BFF6-3FB86277D1AF}"
EndProject
Global
	GlobalSection(SolutionConfigurationPlatforms) = preSolution
		Debug|Any CPU = Debug|Any CPU
		Release|Any CPU = Release|Any CPU
	EndGlobalSection
	GlobalSection(ProjectConfigurationPlatforms) = postSolution
		{08D46B66-42E6-44A4-AFF6-1F7489AE0940}.Debug|Any CPU.ActiveCfg = Debug|Any CPU
		{08D46B66-42E6-44A4-AFF6-1F7489AE0940}.Debug|Any CPU.Build.0 = Debug|Any CPU
		{08D46B66-42E6-44A4-AFF6-1F7489AE0940}.Release|Any CPU.ActiveCfg = Release|Any CPU
		{08D46B66-42E6-44A4-AFF6-1F7489AE0940}.Release|Any CPU.Build.0 = Release|Any CPU
		{55276D46-4545-47B9-8571-76F0921A15E0}.Debug|Any CPU.ActiveCfg = Debug|Any CPU
		{55276D46-4545-47B9-8571-76F0921A15E0}.Debug|Any CPU.Build.0 = Debug|Any CPU
		{55276D46-4545-47B9-8571-76F0921A15E0}.Release|Any CPU.ActiveCfg = Release|Any CPU
		{55276D46-4545-47B9-8571-76F0921A15E0}.Release|Any CPU.Build.0 = Release|Any CPU
		{E77A8DEE-8DDD-473D-84F2-861BD54A33C8}.Debug|Any CPU.ActiveCfg = Debug|Any CPU
		{E77A8DEE-8DDD-473D-84F2-861BD54A33C8}.Debug|Any CPU.Build.0 = Debug|Any CPU
		{E77A8DEE-8DDD-473D-84F2-861BD54A33C8}.Release|Any CPU.ActiveCfg = Release|Any CPU
		{E77A8DEE-8DDD-473D-84F2-861BD54A33C8}.Release|Any CPU.Build.0 = Release|Any CPU
		{596C5431-C9C5-48B8-BFF6-3FB86277D1AF}.Debug|Any CPU.ActiveCfg = Debug|Any CPU
		{596C5431-C9C5-48B8-BFF6-3FB86277D1AF}.Debug|Any CPU.Build.0 = Debug|Any CPU
		{596C5431-C9C5-48B8-BFF6-3FB86277D1AF}.Release|Any CPU.ActiveCfg = Release|Any CPU
		{596C5431-C9C5-48B8-BFF6-3FB86277D1AF}.Release|Any CPU.Build.0 = Release|Any CPU
	EndGlobalSection
	GlobalSection(SolutionProperties) = preSolution
		HideSolutionNode = FALSE
	EndGlobalSection
	GlobalSection(ExtensibilityGlobals) = postSolution
		SolutionGuid = {62DC2A3E-3E84-4B4D-9F5B-B5C97FA6DAB5}
	EndGlobalSection
EndGlobal
